
Microsoft Visual Studio Solution File, Format Version 12.00
# Visual Studio 2015
Project("{FAE04EC0-301F-11D3-BF4B-00C04F79EFBC}") = "EnfluxSuitController.CSharp", "EnfluxSuitController.CSharp.csproj", "{44F0E6D7-83FB-F3FB-CAB1-F88291EE69D5}"
EndProject
Project("{8BC9CEB8-8B4A-11D0-8D11-00A0C91BC942}") = "ModuleInterface", "..\Windows10EnflxModuleInterface\ModuleInterface\ModuleInterface.vcxproj", "{0D1C2B0E-D07F-4CE7-AB44-17282F343240}"
EndProject
Global
	GlobalSection(SolutionConfigurationPlatforms) = preSolution
		Debug|Any CPU = Debug|Any CPU
		Release|Any CPU = Release|Any CPU
	EndGlobalSection
	GlobalSection(ProjectConfigurationPlatforms) = postSolution
		{44F0E6D7-83FB-F3FB-CAB1-F88291EE69D5}.Debug|Any CPU.ActiveCfg = Debug|Any CPU
		{44F0E6D7-83FB-F3FB-CAB1-F88291EE69D5}.Debug|Any CPU.Build.0 = Debug|Any CPU
		{44F0E6D7-83FB-F3FB-CAB1-F88291EE69D5}.Release|Any CPU.ActiveCfg = Release|Any CPU
		{44F0E6D7-83FB-F3FB-CAB1-F88291EE69D5}.Release|Any CPU.Build.0 = Release|Any CPU
		{0D1C2B0E-D07F-4CE7-AB44-17282F343240}.Debug|Any CPU.ActiveCfg = Debug|Any CPU
		{0D1C2B0E-D07F-4CE7-AB44-17282F343240}.Debug|Any CPU.Build.0 = Debug|Any CPU
		{0D1C2B0E-D07F-4CE7-AB44-17282F343240}.Release|Any CPU.ActiveCfg = Release|Any CPU
		{0D1C2B0E-D07F-4CE7-AB44-17282F343240}.Release|Any CPU.Build.0 = Release|Any CPU
	EndGlobalSection
	GlobalSection(SolutionProperties) = preSolution
		HideSolutionNode = FALSE
	EndGlobalSection
EndGlobal
